
Microsoft Visual Studio Solution File, Format Version 12.00
# Visual Studio Version 16
VisualStudioVersion = 16.0.30204.135
MinimumVisualStudioVersion = 10.0.40219.1
Project("{FAE04EC0-301F-11D3-BF4B-00C04F79EFBC}") = "SalesWebMvc", "SalesWebMvc\SalesWebMvc.csproj", "{A1DBCE33-0276-4763-9F68-42C5540F822B}"
EndProject
Global
	GlobalSection(SolutionConfigurationPlatforms) = preSolution
		Debug|Any CPU = Debug|Any CPU
		Release|Any CPU = Release|Any CPU
	EndGlobalSection
	GlobalSection(ProjectConfigurationPlatforms) = postSolution
		{A1DBCE33-0276-4763-9F68-42C5540F822B}.Debug|Any CPU.ActiveCfg = Debug|Any CPU
		{A1DBCE33-0276-4763-9F68-42C5540F822B}.Debug|Any CPU.Build.0 = Debug|Any CPU
		{A1DBCE33-0276-4763-9F68-42C5540F822B}.Release|Any CPU.ActiveCfg = Release|Any CPU
		{A1DBCE33-0276-4763-9F68-42C5540F822B}.Release|Any CPU.Build.0 = Release|Any CPU
	EndGlobalSection
	GlobalSection(SolutionProperties) = preSolution
		HideSolutionNode = FALSE
	EndGlobalSection
	GlobalSection(ExtensibilityGlobals) = postSolution
		SolutionGuid = {42408BC8-A03A-43BF-B72B-1A2E53C86276}
	EndGlobalSection
EndGlobal
